
Microsoft Visual Studio Solution File, Format Version 12.00
# Visual Studio Version 17
VisualStudioVersion = 17.3.32901.215
MinimumVisualStudioVersion = 10.0.40219.1
Project("{9A19103F-16F7-4668-BE54-9A1E7A4F7556}") = "LM", "LM\LM.csproj", "{E0826C96-619A-479D-B826-949449A46254}"
EndProject
Global
	GlobalSection(SolutionConfigurationPlatforms) = preSolution
		Debug|Any CPU = Debug|Any CPU
		Release|Any CPU = Release|Any CPU
	EndGlobalSection
	GlobalSection(ProjectConfigurationPlatforms) = postSolution
		{E0826C96-619A-479D-B826-949449A46254}.Debug|Any CPU.ActiveCfg = Debug|Any CPU
		{E0826C96-619A-479D-B826-949449A46254}.Debug|Any CPU.Build.0 = Debug|Any CPU
		{E0826C96-619A-479D-B826-949449A46254}.Release|Any CPU.ActiveCfg = Release|Any CPU
		{E0826C96-619A-479D-B826-949449A46254}.Release|Any CPU.Build.0 = Release|Any CPU
	EndGlobalSection
	GlobalSection(SolutionProperties) = preSolution
		HideSolutionNode = FALSE
	EndGlobalSection
	GlobalSection(ExtensibilityGlobals) = postSolution
		SolutionGuid = {3BB43EF3-4A47-44B3-9F72-0FDEE77D00F7}
	EndGlobalSection
EndGlobal
